
Microsoft Visual Studio Solution File, Format Version 12.00
# Visual Studio Version 17
VisualStudioVersion = 17.10.34916.146
MinimumVisualStudioVersion = 10.0.40219.1
Project("{FAE04EC0-301F-11D3-BF4B-00C04F79EFBC}") = "DemoHotelBooking", "DemoHotelBooking\DemoHotelBooking.csproj", "{DF554F92-16F1-42A0-AC34-00EE5CDCCBF7}"
EndProject
Project("{FAE04EC0-301F-11D3-BF4B-00C04F79EFBC}") = "HoaiNghiaTestSelenium", "HoaiNghiaTestSelenium\HoaiNghiaTestSelenium.csproj", "{C58211A4-D16A-4CE4-B8A9-51E73EC27EE0}"
EndProject
Global
	GlobalSection(SolutionConfigurationPlatforms) = preSolution
		Debug|Any CPU = Debug|Any CPU
		Release|Any CPU = Release|Any CPU
	EndGlobalSection
	GlobalSection(ProjectConfigurationPlatforms) = postSolution
		{DF554F92-16F1-42A0-AC34-00EE5CDCCBF7}.Debug|Any CPU.ActiveCfg = Debug|Any CPU
		{DF554F92-16F1-42A0-AC34-00EE5CDCCBF7}.Debug|Any CPU.Build.0 = Debug|Any CPU
		{DF554F92-16F1-42A0-AC34-00EE5CDCCBF7}.Release|Any CPU.ActiveCfg = Release|Any CPU
		{DF554F92-16F1-42A0-AC34-00EE5CDCCBF7}.Release|Any CPU.Build.0 = Release|Any CPU
		{C58211A4-D16A-4CE4-B8A9-51E73EC27EE0}.Debug|Any CPU.ActiveCfg = Debug|Any CPU
		{C58211A4-D16A-4CE4-B8A9-51E73EC27EE0}.Debug|Any CPU.Build.0 = Debug|Any CPU
		{C58211A4-D16A-4CE4-B8A9-51E73EC27EE0}.Release|Any CPU.ActiveCfg = Release|Any CPU
		{C58211A4-D16A-4CE4-B8A9-51E73EC27EE0}.Release|Any CPU.Build.0 = Release|Any CPU
	EndGlobalSection
	GlobalSection(SolutionProperties) = preSolution
		HideSolutionNode = FALSE
	EndGlobalSection
	GlobalSection(ExtensibilityGlobals) = postSolution
		SolutionGuid = {E240E59C-B48F-4B66-B44B-A3009C7ED3FD}
	EndGlobalSection
EndGlobal
